
Microsoft Visual Studio Solution File, Format Version 12.00
# Visual Studio Version 17
VisualStudioVersion = 17.3.32929.385
MinimumVisualStudioVersion = 10.0.40219.1
Project("{FAE04EC0-301F-11D3-BF4B-00C04F79EFBC}") = "TEAM", "TEAM\TEAM.csproj", "{6C74CD9E-9CA6-4930-8471-3EEA45F6D3EC}"
EndProject
Global
	GlobalSection(SolutionConfigurationPlatforms) = preSolution
		Debug|Any CPU = Debug|Any CPU
		Release|Any CPU = Release|Any CPU
	EndGlobalSection
	GlobalSection(ProjectConfigurationPlatforms) = postSolution
		{6C74CD9E-9CA6-4930-8471-3EEA45F6D3EC}.Debug|Any CPU.ActiveCfg = Debug|Any CPU
		{6C74CD9E-9CA6-4930-8471-3EEA45F6D3EC}.Debug|Any CPU.Build.0 = Debug|Any CPU
		{6C74CD9E-9CA6-4930-8471-3EEA45F6D3EC}.Release|Any CPU.ActiveCfg = Release|Any CPU
		{6C74CD9E-9CA6-4930-8471-3EEA45F6D3EC}.Release|Any CPU.Build.0 = Release|Any CPU
	EndGlobalSection
	GlobalSection(SolutionProperties) = preSolution
		HideSolutionNode = FALSE
	EndGlobalSection
	GlobalSection(ExtensibilityGlobals) = postSolution
		SolutionGuid = {E7141A4D-866B-4F90-B649-856B5C670D03}
	EndGlobalSection
EndGlobal
